# This file is automatically @generated by Wally.
# It is not intended for manual editing.
registry = "test"

[[package]]
name = "2jammers/profilestore"
version = "0.1.0"
dependencies = []

[[package]]
name = "dynas/sparking-cards"
version = "0.1.0"
dependencies = [["bytenet", "ffrostflame/bytenet@0.4.6"], ["cmdr", "evaera/cmdr@1.12.0"], ["gameanalytics-sdk", "gameanalytics/gameanalytics-sdk@2.2.6"], ["profilestore", "2jammers/profilestore@0.1.0"], ["promise", "evaera/promise@4.0.0"]]

[[package]]
name = "evaera/cmdr"
version = "1.12.0"
dependencies = []

[[package]]
name = "evaera/promise"
version = "4.0.0"
dependencies = []

[[package]]
name = "ffrostflame/bytenet"
version = "0.4.6"
dependencies = []

[[package]]
name = "gameanalytics/gameanalytics-sdk"
version = "2.2.6"
dependencies = []
