# This file is automatically @generated by Wally.
# It is not intended for manual editing.
registry = "test"

[[package]]
name = "2jammers/profilestore"
version = "0.1.0"
dependencies = []

[[package]]
name = "anexpia/bufferencoder"
version = "1.4.0"
dependencies = []

[[package]]
name = "boatbomber/windshake"
version = "2.0.3"
dependencies = []

[[package]]
name = "dynas/sparking-cards"
version = "0.1.0"
dependencies = [["bufferencoder", "anexpia/bufferencoder@1.4.0"], ["bytenet", "ffrostflame/bytenet@0.4.6"], ["cmdr", "evaera/cmdr@1.12.0"], ["future", "red-blox/future@1.0.1"], ["gameanalytics-sdk", "gameanalytics/gameanalytics-sdk@2.2.6"], ["input", "sleitnick/input@2.3.0"], ["lucide", "latte-soft/lucide-icons@0.1.3"], ["profilestore", "2jammers/profilestore@0.1.0"], ["promise", "evaera/promise@4.0.0"], ["tablekit", "ffrostflame/tablekit@0.2.4"], ["trove", "sleitnick/trove@1.5.1"], ["windshake", "boatbomber/windshake@2.0.3"]]

[[package]]
name = "evaera/cmdr"
version = "1.12.0"
dependencies = []

[[package]]
name = "evaera/promise"
version = "4.0.0"
dependencies = []

[[package]]
name = "ffrostflame/bytenet"
version = "0.4.6"
dependencies = []

[[package]]
name = "ffrostflame/tablekit"
version = "0.2.4"
dependencies = []

[[package]]
name = "gameanalytics/gameanalytics-sdk"
version = "2.2.6"
dependencies = []

[[package]]
name = "latte-soft/lucide-icons"
version = "0.1.3"
dependencies = []

[[package]]
name = "red-blox/future"
version = "1.0.1"
dependencies = [["Spawn", "red-blox/spawn@1.1.0"]]

[[package]]
name = "red-blox/spawn"
version = "1.1.0"
dependencies = []

[[package]]
name = "sleitnick/input"
version = "2.3.0"
dependencies = [["Signal", "sleitnick/signal@2.0.3"], ["Trove", "sleitnick/trove@1.5.1"]]

[[package]]
name = "sleitnick/signal"
version = "2.0.3"
dependencies = []

[[package]]
name = "sleitnick/trove"
version = "1.5.1"
dependencies = []
